
Microsoft Visual Studio Solution File, Format Version 12.00
Project("{FAE04EC0-301F-11D3-BF4B-00C04F79EFBC}") = "BandaDonaErmelinda", "BandaDonaErmelinda\BandaDonaErmelinda.csproj", "{0F984F96-3824-4F81-AD87-3649FB3B9634}"
EndProject
Global
	GlobalSection(SolutionConfigurationPlatforms) = preSolution
		Debug|Any CPU = Debug|Any CPU
		Release|Any CPU = Release|Any CPU
	EndGlobalSection
	GlobalSection(ProjectConfigurationPlatforms) = postSolution
		{0F984F96-3824-4F81-AD87-3649FB3B9634}.Debug|Any CPU.ActiveCfg = Debug|Any CPU
		{0F984F96-3824-4F81-AD87-3649FB3B9634}.Debug|Any CPU.Build.0 = Debug|Any CPU
		{0F984F96-3824-4F81-AD87-3649FB3B9634}.Release|Any CPU.ActiveCfg = Release|Any CPU
		{0F984F96-3824-4F81-AD87-3649FB3B9634}.Release|Any CPU.Build.0 = Release|Any CPU
	EndGlobalSection
EndGlobal
